version = 1
revision = 3
requires-python = ">=3.14"

[[package]]
name = "annotated-types"
version = "0.7.0"
source = { registry = "https://pypi.org/simple" }
sdist = { url = "https://files.pythonhosted.org/packages/ee/67/531ea369ba64dcff5ec9c3402f9f51bf748cec26dde048a2f973a4eea7f5/annotated_types-0.7.0.tar.gz", hash = "sha256:aff07c09a53a08bc8cfccb9c85b05f1aa9a2a6f23728d790723543408344ce89", size = 16081, upload-time = "2024-05-20T21:33:25.928Z" }
wheels = [
    { url = "https://files.pythonhosted.org/packages/78/b6/6307fbef88d9b5ee7421e68d78a9f162e0da4900bc5f5793f6d3d0e34fb8/annotated_types-0.7.0-py3-none-any.whl", hash = "sha256:1f02e8b43a8fbbc3f3e0d4f0f4bfc8131bcb4eebe8849b8e5c773f3a1c582a53", size = 13643, upload-time = "2024-05-20T21:33:24.1Z" },
]

[[package]]
name = "anyio"
version = "4.11.0"
source = { registry = "https://pypi.org/simple" }
dependencies = [
    { name = "idna" },
    { name = "sniffio" },
]
sdist = { url = "https://files.pythonhosted.org/packages/c6/78/7d432127c41b50bccba979505f272c16cbcadcc33645d5fa3a738110ae75/anyio-4.11.0.tar.gz", hash = "sha256:82a8d0b81e318cc5ce71a5f1f8b5c4e63619620b63141ef8c995fa0db95a57c4", size = 219094, upload-time = "2025-09-23T09:19:12.58Z" }
wheels = [
    { url = "https://files.pythonhosted.org/packages/15/b3/9b1a8074496371342ec1e796a96f99c82c945a339cd81a8e73de28b4cf9e/anyio-4.11.0-py3-none-any.whl", hash = "sha256:0287e96f4d26d4149305414d4e3bc32f0dcd0862365a4bddea19d7a1ec38c4fc", size = 109097, upload-time = "2025-09-23T09:19:10.601Z" },
]

[[package]]
name = "attrs"
version = "25.4.0"
source = { registry = "https://pypi.org/simple" }
sdist = { url = "https://files.pythonhosted.org/packages/6b/5c/685e6633917e101e5dcb62b9dd76946cbb57c26e133bae9e0cd36033c0a9/attrs-25.4.0.tar.gz", hash = "sha256:16d5969b87f0859ef33a48b35d55ac1be6e42ae49d5e853b597db70c35c57e11", size = 934251, upload-time = "2025-10-06T13:54:44.725Z" }
wheels = [
    { url = "https://files.pythonhosted.org/packages/3a/2a/7cc015f5b9f5db42b7d48157e23356022889fc354a2813c15934b7cb5c0e/attrs-25.4.0-py3-none-any.whl", hash = "sha256:adcf7e2a1fb3b36ac48d97835bb6d8ade15b8dcce26aba8bf1d14847b57a3373", size = 67615, upload-time = "2025-10-06T13:54:43.17Z" },
]

[[package]]
name = "certifi"
version = "2025.10.5"
source = { registry = "https://pypi.org/simple" }
sdist = { url = "https://files.pythonhosted.org/packages/4c/5b/b6ce21586237c77ce67d01dc5507039d444b630dd76611bbca2d8e5dcd91/certifi-2025.10.5.tar.gz", hash = "sha256:47c09d31ccf2acf0be3f701ea53595ee7e0b8fa08801c6624be771df09ae7b43", size = 164519, upload-time = "2025-10-05T04:12:15.808Z" }
wheels = [
    { url = "https://files.pythonhosted.org/packages/e4/37/af0d2ef3967ac0d6113837b44a4f0bfe1328c2b9763bd5b1744520e5cfed/certifi-2025.10.5-py3-none-any.whl", hash = "sha256:0f212c2744a9bb6de0c56639a6f68afe01ecd92d91f14ae897c4fe7bbeeef0de", size = 163286, upload-time = "2025-10-05T04:12:14.03Z" },
]

[[package]]
name = "click"
version = "8.3.0"
source = { registry = "https://pypi.org/simple" }
dependencies = [
    { name = "colorama", marker = "sys_platform == 'win32'" },
]
sdist = { url = "https://files.pythonhosted.org/packages/46/61/de6cd827efad202d7057d93e0fed9294b96952e188f7384832791c7b2254/click-8.3.0.tar.gz", hash = "sha256:e7b8232224eba16f4ebe410c25ced9f7875cb5f3263ffc93cc3e8da705e229c4", size = 276943, upload-time = "2025-09-18T17:32:23.696Z" }
wheels = [
    { url = "https://files.pythonhosted.org/packages/db/d3/9dcc0f5797f070ec8edf30fbadfb200e71d9db6b84d211e3b2085a7589a0/click-8.3.0-py3-none-any.whl", hash = "sha256:9b9f285302c6e3064f4330c05f05b81945b2a39544279343e6e7c5f27a9baddc", size = 107295, upload-time = "2025-09-18T17:32:22.42Z" },
]

[[package]]
name = "colorama"
version = "0.4.6"
source = { registry = "https://pypi.org/simple" }
sdist = { url = "https://files.pythonhosted.org/packages/d8/53/6f443c9a4a8358a93a6792e2acffb9d9d5cb0a5cfd8802644b7b1c9a02e4/colorama-0.4.6.tar.gz", hash = "sha256:08695f5cb7ed6e0531a20572697297273c47b8cae5a63ffc6d6ed5c201be6e44", size = 27697, upload-time = "2022-10-25T02:36:22.414Z" }
wheels = [
    { url = "https://files.pythonhosted.org/packages/d1/d6/3965ed04c63042e047cb6a3e6ed1a63a35087b6a609aa3a15ed8ac56c221/colorama-0.4.6-py2.py3-none-any.whl", hash = "sha256:4f1d9991f5acc0ca119f9d443620b77f9d6b33703e51011c16baf57afb285fc6", size = 25335, upload-time = "2022-10-25T02:36:20.889Z" },
]

[[package]]
name = "deepgram-sdk"
version = "5.2.0"
source = { registry = "https://pypi.org/simple" }
dependencies = [
    { name = "httpx" },
    { name = "pydantic" },
    { name = "pydantic-core" },
    { name = "typing-extensions" },
    { name = "websockets" },
]
sdist = { url = "https://files.pythonhosted.org/packages/55/1f/eab4a75179e6ffdf0fa9fc60f5a9b6ece1de8eb41c98d1f44ae5264f242d/deepgram_sdk-5.2.0.tar.gz", hash = "sha256:14941667d68454fc66c3a0c109ca58d2f0eb626697e509946f84851966b61a77", size = 146909, upload-time = "2025-10-21T20:43:27.262Z" }
wheels = [
    { url = "https://files.pythonhosted.org/packages/98/f6/4f737f161ea4ce97af8c6f84e813183066831a7303b8b5b0a93852a45295/deepgram_sdk-5.2.0-py3-none-any.whl", hash = "sha256:077e81fafff1b9e954f792ee71c46381504f9c7805fb54d4a4e2ccbc752dfc93", size = 385989, upload-time = "2025-10-21T20:43:25.961Z" },
]

[[package]]
name = "h11"
version = "0.16.0"
source = { registry = "https://pypi.org/simple" }
sdist = { url = "https://files.pythonhosted.org/packages/01/ee/02a2c011bdab74c6fb3c75474d40b3052059d95df7e73351460c8588d963/h11-0.16.0.tar.gz", hash = "sha256:4e35b956cf45792e4caa5885e69fba00bdbc6ffafbfa020300e549b208ee5ff1", size = 101250, upload-time = "2025-04-24T03:35:25.427Z" }
wheels = [
    { url = "https://files.pythonhosted.org/packages/04/4b/29cac41a4d98d144bf5f6d33995617b185d14b22401f75ca86f384e87ff1/h11-0.16.0-py3-none-any.whl", hash = "sha256:63cf8bbe7522de3bf65932fda1d9c2772064ffb3dae62d55932da54b31cb6c86", size = 37515, upload-time = "2025-04-24T03:35:24.344Z" },
]

[[package]]
name = "httpcore"
version = "1.0.9"
source = { registry = "https://pypi.org/simple" }
dependencies = [
    { name = "certifi" },
    { name = "h11" },
]
sdist = { url = "https://files.pythonhosted.org/packages/06/94/82699a10bca87a5556c9c59b5963f2d039dbd239f25bc2a63907a05a14cb/httpcore-1.0.9.tar.gz", hash = "sha256:6e34463af53fd2ab5d807f399a9b45ea31c3dfa2276f15a2c3f00afff6e176e8", size = 85484, upload-time = "2025-04-24T22:06:22.219Z" }
wheels = [
    { url = "https://files.pythonhosted.org/packages/7e/f5/f66802a942d491edb555dd61e3a9961140fd64c90bce1eafd741609d334d/httpcore-1.0.9-py3-none-any.whl", hash = "sha256:2d400746a40668fc9dec9810239072b40b4484b640a8c38fd654a024c7a1bf55", size = 78784, upload-time = "2025-04-24T22:06:20.566Z" },
]

[[package]]
name = "httpx"
version = "0.28.1"
source = { registry = "https://pypi.org/simple" }
dependencies = [
    { name = "anyio" },
    { name = "certifi" },
    { name = "httpcore" },
    { name = "idna" },
]
sdist = { url = "https://files.pythonhosted.org/packages/b1/df/48c586a5fe32a0f01324ee087459e112ebb7224f646c0b5023f5e79e9956/httpx-0.28.1.tar.gz", hash = "sha256:75e98c5f16b0f35b567856f597f06ff2270a374470a5c2392242528e3e3e42fc", size = 141406, upload-time = "2024-12-06T15:37:23.222Z" }
wheels = [
    { url = "https://files.pythonhosted.org/packages/2a/39/e50c7c3a983047577ee07d2a9e53faf5a69493943ec3f6a384bdc792deb2/httpx-0.28.1-py3-none-any.whl", hash = "sha256:d909fcccc110f8c7faf814ca82a9a4d816bc5a6dbfea25d6591d6985b8ba59ad", size = 73517, upload-time = "2024-12-06T15:37:21.509Z" },
]

[[package]]
name = "httpx-sse"
version = "0.4.3"
source = { registry = "https://pypi.org/simple" }
sdist = { url = "https://files.pythonhosted.org/packages/0f/4c/751061ffa58615a32c31b2d82e8482be8dd4a89154f003147acee90f2be9/httpx_sse-0.4.3.tar.gz", hash = "sha256:9b1ed0127459a66014aec3c56bebd93da3c1bc8bb6618c8082039a44889a755d", size = 15943, upload-time = "2025-10-10T21:48:22.271Z" }
wheels = [
    { url = "https://files.pythonhosted.org/packages/d2/fd/6668e5aec43ab844de6fc74927e155a3b37bf40d7c3790e49fc0406b6578/httpx_sse-0.4.3-py3-none-any.whl", hash = "sha256:0ac1c9fe3c0afad2e0ebb25a934a59f4c7823b60792691f779fad2c5568830fc", size = 8960, upload-time = "2025-10-10T21:48:21.158Z" },
]

[[package]]
name = "idna"
version = "3.11"
source = { registry = "https://pypi.org/simple" }
sdist = { url = "https://files.pythonhosted.org/packages/6f/6d/0703ccc57f3a7233505399edb88de3cbd678da106337b9fcde432b65ed60/idna-3.11.tar.gz", hash = "sha256:795dafcc9c04ed0c1fb032c2aa73654d8e8c5023a7df64a53f39190ada629902", size = 194582, upload-time = "2025-10-12T14:55:20.501Z" }
wheels = [
    { url = "https://files.pythonhosted.org/packages/0e/61/66938bbb5fc52dbdf84594873d5b51fb1f7c7794e9c0f5bd885f30bc507b/idna-3.11-py3-none-any.whl", hash = "sha256:771a87f49d9defaf64091e6e6fe9c18d4833f140bd19464795bc32d966ca37ea", size = 71008, upload-time = "2025-10-12T14:55:18.883Z" },
]

[[package]]
name = "jan-tool-using"
version = "0.1.0"
source = { virtual = "." }
dependencies = [
    { name = "annotated-types" },
    { name = "anyio" },
    { name = "attrs" },
    { name = "certifi" },
    { name = "click" },
    { name = "deepgram-sdk" },
    { name = "h11" },
    { name = "httpcore" },
    { name = "httpx" },
    { name = "httpx-sse" },
    { name = "idna" },
    { name = "jsonschema" },
    { name = "jsonschema-specifications" },
    { name = "mcp" },
    { name = "playsound3" },
    { name = "pydantic" },
    { name = "pydantic-core" },
    { name = "pydantic-settings" },
    { name = "pygments" },
    { name = "python-dotenv" },
    { name = "python-multipart" },
    { name = "referencing" },
    { name = "rpds-py" },
    { name = "sniffio" },
    { name = "sse-starlette" },
    { name = "starlette" },
    { name = "typing-extensions" },
    { name = "typing-inspection" },
    { name = "tzdata" },
    { name = "uvicorn" },
    { name = "websockets" },
]

[package.metadata]
requires-dist = [
    { name = "annotated-types", specifier = "==0.7.0" },
    { name = "anyio", specifier = "==4.11.0" },
    { name = "attrs", specifier = "==25.4.0" },
    { name = "certifi", specifier = "==2025.10.5" },
    { name = "click", specifier = "==8.3.0" },
    { name = "deepgram-sdk", specifier = "==5.2.0" },
    { name = "h11", specifier = "==0.16.0" },
    { name = "httpcore", specifier = "==1.0.9" },
    { name = "httpx", specifier = "==0.28.1" },
    { name = "httpx-sse", specifier = "==0.4.3" },
    { name = "idna", specifier = "==3.11" },
    { name = "jsonschema", specifier = "==4.25.1" },
    { name = "jsonschema-specifications", specifier = "==2025.9.1" },
    { name = "mcp", specifier = "==1.18.0" },
    { name = "playsound3", specifier = "==3.2.8" },
    { name = "pydantic", specifier = "==2.12.3" },
    { name = "pydantic-core", specifier = "==2.41.4" },
    { name = "pydantic-settings", specifier = "==2.11.0" },
    { name = "pygments", specifier = "==2.19.2" },
    { name = "python-dotenv", specifier = "==1.1.1" },
    { name = "python-multipart", specifier = "==0.0.20" },
    { name = "referencing", specifier = "==0.37.0" },
    { name = "rpds-py", specifier = "==0.27.1" },
    { name = "sniffio", specifier = "==1.3.1" },
    { name = "sse-starlette", specifier = "==3.0.2" },
    { name = "starlette", specifier = "==0.48.0" },
    { name = "typing-extensions", specifier = "==4.15.0" },
    { name = "typing-inspection", specifier = "==0.4.2" },
    { name = "tzdata" },
    { name = "uvicorn", specifier = "==0.37.0" },
    { name = "websockets", specifier = "==15.0.1" },
]

[[package]]
name = "jsonschema"
version = "4.25.1"
source = { registry = "https://pypi.org/simple" }
dependencies = [
    { name = "attrs" },
    { name = "jsonschema-specifications" },
    { name = "referencing" },
    { name = "rpds-py" },
]
sdist = { url = "https://files.pythonhosted.org/packages/74/69/f7185de793a29082a9f3c7728268ffb31cb5095131a9c139a74078e27336/jsonschema-4.25.1.tar.gz", hash = "sha256:e4a9655ce0da0c0b67a085847e00a3a51449e1157f4f75e9fb5aa545e122eb85", size = 357342, upload-time = "2025-08-18T17:03:50.038Z" }
wheels = [
    { url = "https://files.pythonhosted.org/packages/bf/9c/8c95d856233c1f82500c2450b8c68576b4cf1c871db3afac5c34ff84e6fd/jsonschema-4.25.1-py3-none-any.whl", hash = "sha256:3fba0169e345c7175110351d456342c364814cfcf3b964ba4587f22915230a63", size = 90040, upload-time = "2025-08-18T17:03:48.373Z" },
]

[[package]]
name = "jsonschema-specifications"
version = "2025.9.1"
source = { registry = "https://pypi.org/simple" }
dependencies = [
    { name = "referencing" },
]
sdist = { url = "https://files.pythonhosted.org/packages/19/74/a633ee74eb36c44aa6d1095e7cc5569bebf04342ee146178e2d36600708b/jsonschema_specifications-2025.9.1.tar.gz", hash = "sha256:b540987f239e745613c7a9176f3edb72b832a4ac465cf02712288397832b5e8d", size = 32855, upload-time = "2025-09-08T01:34:59.186Z" }
wheels = [
    { url = "https://files.pythonhosted.org/packages/41/45/1a4ed80516f02155c51f51e8cedb3c1902296743db0bbc66608a0db2814f/jsonschema_specifications-2025.9.1-py3-none-any.whl", hash = "sha256:98802fee3a11ee76ecaca44429fda8a41bff98b00a0f2838151b113f210cc6fe", size = 18437, upload-time = "2025-09-08T01:34:57.871Z" },
]

[[package]]
name = "mcp"
version = "1.18.0"
source = { registry = "https://pypi.org/simple" }
dependencies = [
    { name = "anyio" },
    { name = "httpx" },
    { name = "httpx-sse" },
    { name = "jsonschema" },
    { name = "pydantic" },
    { name = "pydantic-settings" },
    { name = "python-multipart" },
    { name = "pywin32", marker = "sys_platform == 'win32'" },
    { name = "sse-starlette" },
    { name = "starlette" },
    { name = "uvicorn", marker = "sys_platform != 'emscripten'" },
]
sdist = { url = "https://files.pythonhosted.org/packages/1a/e0/fe34ce16ea2bacce489ab859abd1b47ae28b438c3ef60b9c5eee6c02592f/mcp-1.18.0.tar.gz", hash = "sha256:aa278c44b1efc0a297f53b68df865b988e52dd08182d702019edcf33a8e109f6", size = 482926, upload-time = "2025-10-16T19:19:55.125Z" }
wheels = [
    { url = "https://files.pythonhosted.org/packages/1b/44/f5970e3e899803823826283a70b6003afd46f28e082544407e24575eccd3/mcp-1.18.0-py3-none-any.whl", hash = "sha256:42f10c270de18e7892fdf9da259029120b1ea23964ff688248c69db9d72b1d0a", size = 168762, upload-time = "2025-10-16T19:19:53.2Z" },
]

[[package]]
name = "playsound3"
version = "3.2.8"
source = { registry = "https://pypi.org/simple" }
dependencies = [
    { name = "pywin32", marker = "sys_platform == 'win32'" },
]
sdist = { url = "https://files.pythonhosted.org/packages/20/df/1bc4664f65f5068df468e1d4c085382dcdf17454276531938341a01ee935/playsound3-3.2.8.tar.gz", hash = "sha256:c7a7b4dbbd1cdf76a2715059daf20537bb2f8713ee8f2f5a27e3e053374c2342", size = 608326, upload-time = "2025-10-01T19:45:28.958Z" }
wheels = [
    { url = "https://files.pythonhosted.org/packages/37/11/83a47fa57257f4b2bbc52aa4b5ebcdb1e6aba0ebd8604a85d9a375194e36/playsound3-3.2.8-py3-none-any.whl", hash = "sha256:1225807f14354702cba0171c999fe062580d77d07d8718a35b5978ed00272402", size = 9679, upload-time = "2025-10-01T19:45:27.277Z" },
]

[[package]]
name = "pydantic"
version = "2.12.3"
source = { registry = "https://pypi.org/simple" }
dependencies = [
    { name = "annotated-types" },
    { name = "pydantic-core" },
    { name = "typing-extensions" },
    { name = "typing-inspection" },
]
sdist = { url = "https://files.pythonhosted.org/packages/f3/1e/4f0a3233767010308f2fd6bd0814597e3f63f1dc98304a9112b8759df4ff/pydantic-2.12.3.tar.gz", hash = "sha256:1da1c82b0fc140bb0103bc1441ffe062154c8d38491189751ee00fd8ca65ce74", size = 819383, upload-time = "2025-10-17T15:04:21.222Z" }
wheels = [
    { url = "https://files.pythonhosted.org/packages/a1/6b/83661fa77dcefa195ad5f8cd9af3d1a7450fd57cc883ad04d65446ac2029/pydantic-2.12.3-py3-none-any.whl", hash = "sha256:6986454a854bc3bc6e5443e1369e06a3a456af9d339eda45510f517d9ea5c6bf", size = 462431, upload-time = "2025-10-17T15:04:19.346Z" },
]

[[package]]
name = "pydantic-core"
version = "2.41.4"
source = { registry = "https://pypi.org/simple" }
dependencies = [
    { name = "typing-extensions" },
]
sdist = { url = "https://files.pythonhosted.org/packages/df/18/d0944e8eaaa3efd0a91b0f1fc537d3be55ad35091b6a87638211ba691964/pydantic_core-2.41.4.tar.gz", hash = "sha256:70e47929a9d4a1905a67e4b687d5946026390568a8e952b92824118063cee4d5", size = 457557, upload-time = "2025-10-14T10:23:47.909Z" }
wheels = [
    { url = "https://files.pythonhosted.org/packages/54/28/d3325da57d413b9819365546eb9a6e8b7cbd9373d9380efd5f74326143e6/pydantic_core-2.41.4-cp314-cp314-macosx_10_12_x86_64.whl", hash = "sha256:e9205d97ed08a82ebb9a307e92914bb30e18cdf6f6b12ca4bedadb1588a0bfe1", size = 2102022, upload-time = "2025-10-14T10:21:32.809Z" },
    { url = "https://files.pythonhosted.org/packages/9e/24/b58a1bc0d834bf1acc4361e61233ee217169a42efbdc15a60296e13ce438/pydantic_core-2.41.4-cp314-cp314-macosx_11_0_arm64.whl", hash = "sha256:82df1f432b37d832709fbcc0e24394bba04a01b6ecf1ee87578145c19cde12ac", size = 1905495, upload-time = "2025-10-14T10:21:34.812Z" },
    { url = "https://files.pythonhosted.org/packages/fb/a4/71f759cc41b7043e8ecdaab81b985a9b6cad7cec077e0b92cff8b71ecf6b/pydantic_core-2.41.4-cp314-cp314-manylinux_2_17_aarch64.manylinux2014_aarch64.whl", hash = "sha256:fc3b4cc4539e055cfa39a3763c939f9d409eb40e85813257dcd761985a108554", size = 1956131, upload-time = "2025-10-14T10:21:36.924Z" },
    { url = "https://files.pythonhosted.org/packages/b0/64/1e79ac7aa51f1eec7c4cda8cbe456d5d09f05fdd68b32776d72168d54275/pydantic_core-2.41.4-cp314-cp314-manylinux_2_17_armv7l.manylinux2014_armv7l.whl", hash = "sha256:b1eb1754fce47c63d2ff57fdb88c351a6c0150995890088b33767a10218eaa4e", size = 2052236, upload-time = "2025-10-14T10:21:38.927Z" },
    { url = "https://files.pythonhosted.org/packages/e9/e3/a3ffc363bd4287b80f1d43dc1c28ba64831f8dfc237d6fec8f2661138d48/pydantic_core-2.41.4-cp314-cp314-manylinux_2_17_ppc64le.manylinux2014_ppc64le.whl", hash = "sha256:e6ab5ab30ef325b443f379ddb575a34969c333004fca5a1daa0133a6ffaad616", size = 2223573, upload-time = "2025-10-14T10:21:41.574Z" },
    { url = "https://files.pythonhosted.org/packages/28/27/78814089b4d2e684a9088ede3790763c64693c3d1408ddc0a248bc789126/pydantic_core-2.41.4-cp314-cp314-manylinux_2_17_s390x.manylinux2014_s390x.whl", hash = "sha256:31a41030b1d9ca497634092b46481b937ff9397a86f9f51bd41c4767b6fc04af", size = 2342467, upload-time = "2025-10-14T10:21:44.018Z" },
    { url = "https://files.pythonhosted.org/packages/92/97/4de0e2a1159cb85ad737e03306717637842c88c7fd6d97973172fb183149/pydantic_core-2.41.4-cp314-cp314-manylinux_2_17_x86_64.manylinux2014_x86_64.whl", hash = "sha256:a44ac1738591472c3d020f61c6df1e4015180d6262ebd39bf2aeb52571b60f12", size = 2063754, upload-time = "2025-10-14T10:21:46.466Z" },
    { url = "https://files.pythonhosted.org/packages/0f/50/8cb90ce4b9efcf7ae78130afeb99fd1c86125ccdf9906ef64b9d42f37c25/pydantic_core-2.41.4-cp314-cp314-manylinux_2_5_i686.manylinux1_i686.whl", hash = "sha256:d72f2b5e6e82ab8f94ea7d0d42f83c487dc159c5240d8f83beae684472864e2d", size = 2196754, upload-time = "2025-10-14T10:21:48.486Z" },
    { url = "https://files.pythonhosted.org/packages/34/3b/ccdc77af9cd5082723574a1cc1bcae7a6acacc829d7c0a06201f7886a109/pydantic_core-2.41.4-cp314-cp314-musllinux_1_1_aarch64.whl", hash = "sha256:c4d1e854aaf044487d31143f541f7aafe7b482ae72a022c664b2de2e466ed0ad", size = 2137115, upload-time = "2025-10-14T10:21:50.63Z" },
    { url = "https://files.pythonhosted.org/packages/ca/ba/e7c7a02651a8f7c52dc2cff2b64a30c313e3b57c7d93703cecea76c09b71/pydantic_core-2.41.4-cp314-cp314-musllinux_1_1_armv7l.whl", hash = "sha256:b568af94267729d76e6ee5ececda4e283d07bbb28e8148bb17adad93d025d25a", size = 2317400, upload-time = "2025-10-14T10:21:52.959Z" },
    { url = "https://files.pythonhosted.org/packages/2c/ba/6c533a4ee8aec6b812c643c49bb3bd88d3f01e3cebe451bb85512d37f00f/pydantic_core-2.41.4-cp314-cp314-musllinux_1_1_x86_64.whl", hash = "sha256:6d55fb8b1e8929b341cc313a81a26e0d48aa3b519c1dbaadec3a6a2b4fcad025", size = 2312070, upload-time = "2025-10-14T10:21:55.419Z" },
    { url = "https://files.pythonhosted.org/packages/22/ae/f10524fcc0ab8d7f96cf9a74c880243576fd3e72bd8ce4f81e43d22bcab7/pydantic_core-2.41.4-cp314-cp314-win32.whl", hash = "sha256:5b66584e549e2e32a1398df11da2e0a7eff45d5c2d9db9d5667c5e6ac764d77e", size = 1982277, upload-time = "2025-10-14T10:21:57.474Z" },
    { url = "https://files.pythonhosted.org/packages/b4/dc/e5aa27aea1ad4638f0c3fb41132f7eb583bd7420ee63204e2d4333a3bbf9/pydantic_core-2.41.4-cp314-cp314-win_amd64.whl", hash = "sha256:557a0aab88664cc552285316809cab897716a372afaf8efdbef756f8b890e894", size = 2024608, upload-time = "2025-10-14T10:21:59.557Z" },
    { url = "https://files.pythonhosted.org/packages/3e/61/51d89cc2612bd147198e120a13f150afbf0bcb4615cddb049ab10b81b79e/pydantic_core-2.41.4-cp314-cp314-win_arm64.whl", hash = "sha256:3f1ea6f48a045745d0d9f325989d8abd3f1eaf47dd00485912d1a3a63c623a8d", size = 1967614, upload-time = "2025-10-14T10:22:01.847Z" },
    { url = "https://files.pythonhosted.org/packages/0d/c2/472f2e31b95eff099961fa050c376ab7156a81da194f9edb9f710f68787b/pydantic_core-2.41.4-cp314-cp314t-macosx_11_0_arm64.whl", hash = "sha256:6c1fe4c5404c448b13188dd8bd2ebc2bdd7e6727fa61ff481bcc2cca894018da", size = 1876904, upload-time = "2025-10-14T10:22:04.062Z" },
    { url = "https://files.pythonhosted.org/packages/4a/07/ea8eeb91173807ecdae4f4a5f4b150a520085b35454350fc219ba79e66a3/pydantic_core-2.41.4-cp314-cp314t-manylinux_2_17_aarch64.manylinux2014_aarch64.whl", hash = "sha256:523e7da4d43b113bf8e7b49fa4ec0c35bf4fe66b2230bfc5c13cc498f12c6c3e", size = 1882538, upload-time = "2025-10-14T10:22:06.39Z" },
    { url = "https://files.pythonhosted.org/packages/1e/29/b53a9ca6cd366bfc928823679c6a76c7a4c69f8201c0ba7903ad18ebae2f/pydantic_core-2.41.4-cp314-cp314t-manylinux_2_17_x86_64.manylinux2014_x86_64.whl", hash = "sha256:5729225de81fb65b70fdb1907fcf08c75d498f4a6f15af005aabb1fdadc19dfa", size = 2041183, upload-time = "2025-10-14T10:22:08.812Z" },
    { url = "https://files.pythonhosted.org/packages/c7/3d/f8c1a371ceebcaf94d6dd2d77c6cf4b1c078e13a5837aee83f760b4f7cfd/pydantic_core-2.41.4-cp314-cp314t-win_amd64.whl", hash = "sha256:de2cfbb09e88f0f795fd90cf955858fc2c691df65b1f21f0aa00b99f3fbc661d", size = 1993542, upload-time = "2025-10-14T10:22:11.332Z" },
    { url = "https://files.pythonhosted.org/packages/8a/ac/9fc61b4f9d079482a290afe8d206b8f490e9fd32d4fc03ed4fc698214e01/pydantic_core-2.41.4-cp314-cp314t-win_arm64.whl", hash = "sha256:d34f950ae05a83e0ede899c595f312ca976023ea1db100cd5aa188f7005e3ab0", size = 1973897, upload-time = "2025-10-14T10:22:13.444Z" },
]

[[package]]
name = "pydantic-settings"
version = "2.11.0"
source = { registry = "https://pypi.org/simple" }
dependencies = [
    { name = "pydantic" },
    { name = "python-dotenv" },
    { name = "typing-inspection" },
]
sdist = { url = "https://files.pythonhosted.org/packages/20/c5/dbbc27b814c71676593d1c3f718e6cd7d4f00652cefa24b75f7aa3efb25e/pydantic_settings-2.11.0.tar.gz", hash = "sha256:d0e87a1c7d33593beb7194adb8470fc426e95ba02af83a0f23474a04c9a08180", size = 188394, upload-time = "2025-09-24T14:19:11.764Z" }
wheels = [
    { url = "https://files.pythonhosted.org/packages/83/d6/887a1ff844e64aa823fb4905978d882a633cfe295c32eacad582b78a7d8b/pydantic_settings-2.11.0-py3-none-any.whl", hash = "sha256:fe2cea3413b9530d10f3a5875adffb17ada5c1e1bab0b2885546d7310415207c", size = 48608, upload-time = "2025-09-24T14:19:10.015Z" },
]

[[package]]
name = "pygments"
version = "2.19.2"
source = { registry = "https://pypi.org/simple" }
sdist = { url = "https://files.pythonhosted.org/packages/b0/77/a5b8c569bf593b0140bde72ea885a803b82086995367bf2037de0159d924/pygments-2.19.2.tar.gz", hash = "sha256:636cb2477cec7f8952536970bc533bc43743542f70392ae026374600add5b887", size = 4968631, upload-time = "2025-06-21T13:39:12.283Z" }
wheels = [
    { url = "https://files.pythonhosted.org/packages/c7/21/705964c7812476f378728bdf590ca4b771ec72385c533964653c68e86bdc/pygments-2.19.2-py3-none-any.whl", hash = "sha256:86540386c03d588bb81d44bc3928634ff26449851e99741617ecb9037ee5ec0b", size = 1225217, upload-time = "2025-06-21T13:39:07.939Z" },
]

[[package]]
name = "python-dotenv"
version = "1.1.1"
source = { registry = "https://pypi.org/simple" }
sdist = { url = "https://files.pythonhosted.org/packages/f6/b0/4bc07ccd3572a2f9df7e6782f52b0c6c90dcbb803ac4a167702d7d0dfe1e/python_dotenv-1.1.1.tar.gz", hash = "sha256:a8a6399716257f45be6a007360200409fce5cda2661e3dec71d23dc15f6189ab", size = 41978, upload-time = "2025-06-24T04:21:07.341Z" }
wheels = [
    { url = "https://files.pythonhosted.org/packages/5f/ed/539768cf28c661b5b068d66d96a2f155c4971a5d55684a514c1a0e0dec2f/python_dotenv-1.1.1-py3-none-any.whl", hash = "sha256:31f23644fe2602f88ff55e1f5c79ba497e01224ee7737937930c448e4d0e24dc", size = 20556, upload-time = "2025-06-24T04:21:06.073Z" },
]

[[package]]
name = "python-multipart"
version = "0.0.20"
source = { registry = "https://pypi.org/simple" }
sdist = { url = "https://files.pythonhosted.org/packages/f3/87/f44d7c9f274c7ee665a29b885ec97089ec5dc034c7f3fafa03da9e39a09e/python_multipart-0.0.20.tar.gz", hash = "sha256:8dd0cab45b8e23064ae09147625994d090fa46f5b0d1e13af944c331a7fa9d13", size = 37158, upload-time = "2024-12-16T19:45:46.972Z" }
wheels = [
    { url = "https://files.pythonhosted.org/packages/45/58/38b5afbc1a800eeea951b9285d3912613f2603bdf897a4ab0f4bd7f405fc/python_multipart-0.0.20-py3-none-any.whl", hash = "sha256:8a62d3a8335e06589fe01f2a3e178cdcc632f3fbe0d492ad9ee0ec35aab1f104", size = 24546, upload-time = "2024-12-16T19:45:44.423Z" },
]

[[package]]
name = "pywin32"
version = "311"
source = { registry = "https://pypi.org/simple" }
wheels = [
    { url = "https://files.pythonhosted.org/packages/c9/31/097f2e132c4f16d99a22bfb777e0fd88bd8e1c634304e102f313af69ace5/pywin32-311-cp314-cp314-win32.whl", hash = "sha256:b7a2c10b93f8986666d0c803ee19b5990885872a7de910fc460f9b0c2fbf92ee", size = 8840714, upload-time = "2025-07-14T20:13:32.449Z" },
    { url = "https://files.pythonhosted.org/packages/90/4b/07c77d8ba0e01349358082713400435347df8426208171ce297da32c313d/pywin32-311-cp314-cp314-win_amd64.whl", hash = "sha256:3aca44c046bd2ed8c90de9cb8427f581c479e594e99b5c0bb19b29c10fd6cb87", size = 9656800, upload-time = "2025-07-14T20:13:34.312Z" },
    { url = "https://files.pythonhosted.org/packages/c0/d2/21af5c535501a7233e734b8af901574572da66fcc254cb35d0609c9080dd/pywin32-311-cp314-cp314-win_arm64.whl", hash = "sha256:a508e2d9025764a8270f93111a970e1d0fbfc33f4153b388bb649b7eec4f9b42", size = 8932540, upload-time = "2025-07-14T20:13:36.379Z" },
]

[[package]]
name = "referencing"
version = "0.37.0"
source = { registry = "https://pypi.org/simple" }
dependencies = [
    { name = "attrs" },
    { name = "rpds-py" },
]
sdist = { url = "https://files.pythonhosted.org/packages/22/f5/df4e9027acead3ecc63e50fe1e36aca1523e1719559c499951bb4b53188f/referencing-0.37.0.tar.gz", hash = "sha256:44aefc3142c5b842538163acb373e24cce6632bd54bdb01b21ad5863489f50d8", size = 78036, upload-time = "2025-10-13T15:30:48.871Z" }
wheels = [
    { url = "https://files.pythonhosted.org/packages/2c/58/ca301544e1fa93ed4f80d724bf5b194f6e4b945841c5bfd555878eea9fcb/referencing-0.37.0-py3-none-any.whl", hash = "sha256:381329a9f99628c9069361716891d34ad94af76e461dcb0335825aecc7692231", size = 26766, upload-time = "2025-10-13T15:30:47.625Z" },
]

[[package]]
name = "rpds-py"
version = "0.27.1"
source = { registry = "https://pypi.org/simple" }
sdist = { url = "https://files.pythonhosted.org/packages/e9/dd/2c0cbe774744272b0ae725f44032c77bdcab6e8bcf544bffa3b6e70c8dba/rpds_py-0.27.1.tar.gz", hash = "sha256:26a1c73171d10b7acccbded82bf6a586ab8203601e565badc74bbbf8bc5a10f8", size = 27479, upload-time = "2025-08-27T12:16:36.024Z" }
wheels = [
    { url = "https://files.pythonhosted.org/packages/70/36/b6e6066520a07cf029d385de869729a895917b411e777ab1cde878100a1d/rpds_py-0.27.1-cp314-cp314-macosx_10_12_x86_64.whl", hash = "sha256:acb9aafccaae278f449d9c713b64a9e68662e7799dbd5859e2c6b3c67b56d334", size = 362472, upload-time = "2025-08-27T12:14:16.333Z" },
    { url = "https://files.pythonhosted.org/packages/af/07/b4646032e0dcec0df9c73a3bd52f63bc6c5f9cda992f06bd0e73fe3fbebd/rpds_py-0.27.1-cp314-cp314-macosx_11_0_arm64.whl", hash = "sha256:b7fb801aa7f845ddf601c49630deeeccde7ce10065561d92729bfe81bd21fb33", size = 345676, upload-time = "2025-08-27T12:14:17.764Z" },
    { url = "https://files.pythonhosted.org/packages/b0/16/2f1003ee5d0af4bcb13c0cf894957984c32a6751ed7206db2aee7379a55e/rpds_py-0.27.1-cp314-cp314-manylinux_2_17_aarch64.manylinux2014_aarch64.whl", hash = "sha256:fe0dd05afb46597b9a2e11c351e5e4283c741237e7f617ffb3252780cca9336a", size = 385313, upload-time = "2025-08-27T12:14:19.829Z" },
    { url = "https://files.pythonhosted.org/packages/05/cd/7eb6dd7b232e7f2654d03fa07f1414d7dfc980e82ba71e40a7c46fd95484/rpds_py-0.27.1-cp314-cp314-manylinux_2_17_armv7l.manylinux2014_armv7l.whl", hash = "sha256:b6dfb0e058adb12d8b1d1b25f686e94ffa65d9995a5157afe99743bf7369d62b", size = 399080, upload-time = "2025-08-27T12:14:21.531Z" },
    { url = "https://files.pythonhosted.org/packages/20/51/5829afd5000ec1cb60f304711f02572d619040aa3ec033d8226817d1e571/rpds_py-0.27.1-cp314-cp314-manylinux_2_17_ppc64le.manylinux2014_ppc64le.whl", hash = "sha256:ed090ccd235f6fa8bb5861684567f0a83e04f52dfc2e5c05f2e4b1309fcf85e7", size = 523868, upload-time = "2025-08-27T12:14:23.485Z" },
    { url = "https://files.pythonhosted.org/packages/05/2c/30eebca20d5db95720ab4d2faec1b5e4c1025c473f703738c371241476a2/rpds_py-0.27.1-cp314-cp314-manylinux_2_17_s390x.manylinux2014_s390x.whl", hash = "sha256:bf876e79763eecf3e7356f157540d6a093cef395b65514f17a356f62af6cc136", size = 408750, upload-time = "2025-08-27T12:14:24.924Z" },
    { url = "https://files.pythonhosted.org/packages/90/1a/cdb5083f043597c4d4276eae4e4c70c55ab5accec078da8611f24575a367/rpds_py-0.27.1-cp314-cp314-manylinux_2_17_x86_64.manylinux2014_x86_64.whl", hash = "sha256:12ed005216a51b1d6e2b02a7bd31885fe317e45897de81d86dcce7d74618ffff", size = 387688, upload-time = "2025-08-27T12:14:27.537Z" },
    { url = "https://files.pythonhosted.org/packages/7c/92/cf786a15320e173f945d205ab31585cc43969743bb1a48b6888f7a2b0a2d/rpds_py-0.27.1-cp314-cp314-manylinux_2_31_riscv64.whl", hash = "sha256:ee4308f409a40e50593c7e3bb8cbe0b4d4c66d1674a316324f0c2f5383b486f9", size = 407225, upload-time = "2025-08-27T12:14:28.981Z" },
    { url = "https://files.pythonhosted.org/packages/33/5c/85ee16df5b65063ef26017bef33096557a4c83fbe56218ac7cd8c235f16d/rpds_py-0.27.1-cp314-cp314-manylinux_2_5_i686.manylinux1_i686.whl", hash = "sha256:0b08d152555acf1f455154d498ca855618c1378ec810646fcd7c76416ac6dc60", size = 423361, upload-time = "2025-08-27T12:14:30.469Z" },
    { url = "https://files.pythonhosted.org/packages/4b/8e/1c2741307fcabd1a334ecf008e92c4f47bb6f848712cf15c923becfe82bb/rpds_py-0.27.1-cp314-cp314-musllinux_1_2_aarch64.whl", hash = "sha256:dce51c828941973a5684d458214d3a36fcd28da3e1875d659388f4f9f12cc33e", size = 562493, upload-time = "2025-08-27T12:14:31.987Z" },
    { url = "https://files.pythonhosted.org/packages/04/03/5159321baae9b2222442a70c1f988cbbd66b9be0675dd3936461269be360/rpds_py-0.27.1-cp314-cp314-musllinux_1_2_i686.whl", hash = "sha256:c1476d6f29eb81aa4151c9a31219b03f1f798dc43d8af1250a870735516a1212", size = 592623, upload-time = "2025-08-27T12:14:33.543Z" },
    { url = "https://files.pythonhosted.org/packages/ff/39/c09fd1ad28b85bc1d4554a8710233c9f4cefd03d7717a1b8fbfd171d1167/rpds_py-0.27.1-cp314-cp314-musllinux_1_2_x86_64.whl", hash = "sha256:3ce0cac322b0d69b63c9cdb895ee1b65805ec9ffad37639f291dd79467bee675", size = 558800, upload-time = "2025-08-27T12:14:35.436Z" },
    { url = "https://files.pythonhosted.org/packages/c5/d6/99228e6bbcf4baa764b18258f519a9035131d91b538d4e0e294313462a98/rpds_py-0.27.1-cp314-cp314-win32.whl", hash = "sha256:dfbfac137d2a3d0725758cd141f878bf4329ba25e34979797c89474a89a8a3a3", size = 221943, upload-time = "2025-08-27T12:14:36.898Z" },
    { url = "https://files.pythonhosted.org/packages/be/07/c802bc6b8e95be83b79bdf23d1aa61d68324cb1006e245d6c58e959e314d/rpds_py-0.27.1-cp314-cp314-win_amd64.whl", hash = "sha256:a6e57b0abfe7cc513450fcf529eb486b6e4d3f8aee83e92eb5f1ef848218d456", size = 233739, upload-time = "2025-08-27T12:14:38.386Z" },
    { url = "https://files.pythonhosted.org/packages/c8/89/3e1b1c16d4c2d547c5717377a8df99aee8099ff050f87c45cb4d5fa70891/rpds_py-0.27.1-cp314-cp314-win_arm64.whl", hash = "sha256:faf8d146f3d476abfee026c4ae3bdd9ca14236ae4e4c310cbd1cf75ba33d24a3", size = 223120, upload-time = "2025-08-27T12:14:39.82Z" },
    { url = "https://files.pythonhosted.org/packages/62/7e/dc7931dc2fa4a6e46b2a4fa744a9fe5c548efd70e0ba74f40b39fa4a8c10/rpds_py-0.27.1-cp314-cp314t-macosx_10_12_x86_64.whl", hash = "sha256:ba81d2b56b6d4911ce735aad0a1d4495e808b8ee4dc58715998741a26874e7c2", size = 358944, upload-time = "2025-08-27T12:14:41.199Z" },
    { url = "https://files.pythonhosted.org/packages/e6/22/4af76ac4e9f336bfb1a5f240d18a33c6b2fcaadb7472ac7680576512b49a/rpds_py-0.27.1-cp314-cp314t-macosx_11_0_arm64.whl", hash = "sha256:84f7d509870098de0e864cad0102711c1e24e9b1a50ee713b65928adb22269e4", size = 342283, upload-time = "2025-08-27T12:14:42.699Z" },
    { url = "https://files.pythonhosted.org/packages/1c/15/2a7c619b3c2272ea9feb9ade67a45c40b3eeb500d503ad4c28c395dc51b4/rpds_py-0.27.1-cp314-cp314t-manylinux_2_17_aarch64.manylinux2014_aarch64.whl", hash = "sha256:a9e960fc78fecd1100539f14132425e1d5fe44ecb9239f8f27f079962021523e", size = 380320, upload-time = "2025-08-27T12:14:44.157Z" },
    { url = "https://files.pythonhosted.org/packages/a2/7d/4c6d243ba4a3057e994bb5bedd01b5c963c12fe38dde707a52acdb3849e7/rpds_py-0.27.1-cp314-cp314t-manylinux_2_17_armv7l.manylinux2014_armv7l.whl", hash = "sha256:62f85b665cedab1a503747617393573995dac4600ff51869d69ad2f39eb5e817", size = 391760, upload-time = "2025-08-27T12:14:45.845Z" },
    { url = "https://files.pythonhosted.org/packages/b4/71/b19401a909b83bcd67f90221330bc1ef11bc486fe4e04c24388d28a618ae/rpds_py-0.27.1-cp314-cp314t-manylinux_2_17_ppc64le.manylinux2014_ppc64le.whl", hash = "sha256:fed467af29776f6556250c9ed85ea5a4dd121ab56a5f8b206e3e7a4c551e48ec", size = 522476, upload-time = "2025-08-27T12:14:47.364Z" },
    { url = "https://files.pythonhosted.org/packages/e4/44/1a3b9715c0455d2e2f0f6df5ee6d6f5afdc423d0773a8a682ed2b43c566c/rpds_py-0.27.1-cp314-cp314t-manylinux_2_17_s390x.manylinux2014_s390x.whl", hash = "sha256:f2729615f9d430af0ae6b36cf042cb55c0936408d543fb691e1a9e36648fd35a", size = 403418, upload-time = "2025-08-27T12:14:49.991Z" },
    { url = "https://files.pythonhosted.org/packages/1c/4b/fb6c4f14984eb56673bc868a66536f53417ddb13ed44b391998100a06a96/rpds_py-0.27.1-cp314-cp314t-manylinux_2_17_x86_64.manylinux2014_x86_64.whl", hash = "sha256:1b207d881a9aef7ba753d69c123a35d96ca7cb808056998f6b9e8747321f03b8", size = 384771, upload-time = "2025-08-27T12:14:52.159Z" },
    { url = "https://files.pythonhosted.org/packages/c0/56/d5265d2d28b7420d7b4d4d85cad8ef891760f5135102e60d5c970b976e41/rpds_py-0.27.1-cp314-cp314t-manylinux_2_31_riscv64.whl", hash = "sha256:639fd5efec029f99b79ae47e5d7e00ad8a773da899b6309f6786ecaf22948c48", size = 400022, upload-time = "2025-08-27T12:14:53.859Z" },
    { url = "https://files.pythonhosted.org/packages/8f/e9/9f5fc70164a569bdd6ed9046486c3568d6926e3a49bdefeeccfb18655875/rpds_py-0.27.1-cp314-cp314t-manylinux_2_5_i686.manylinux1_i686.whl", hash = "sha256:fecc80cb2a90e28af8a9b366edacf33d7a91cbfe4c2c4544ea1246e949cfebeb", size = 416787, upload-time = "2025-08-27T12:14:55.673Z" },
    { url = "https://files.pythonhosted.org/packages/d4/64/56dd03430ba491db943a81dcdef115a985aac5f44f565cd39a00c766d45c/rpds_py-0.27.1-cp314-cp314t-musllinux_1_2_aarch64.whl", hash = "sha256:42a89282d711711d0a62d6f57d81aa43a1368686c45bc1c46b7f079d55692734", size = 557538, upload-time = "2025-08-27T12:14:57.245Z" },
    { url = "https://files.pythonhosted.org/packages/3f/36/92cc885a3129993b1d963a2a42ecf64e6a8e129d2c7cc980dbeba84e55fb/rpds_py-0.27.1-cp314-cp314t-musllinux_1_2_i686.whl", hash = "sha256:cf9931f14223de59551ab9d38ed18d92f14f055a5f78c1d8ad6493f735021bbb", size = 588512, upload-time = "2025-08-27T12:14:58.728Z" },
    { url = "https://files.pythonhosted.org/packages/dd/10/6b283707780a81919f71625351182b4f98932ac89a09023cb61865136244/rpds_py-0.27.1-cp314-cp314t-musllinux_1_2_x86_64.whl", hash = "sha256:f39f58a27cc6e59f432b568ed8429c7e1641324fbe38131de852cd77b2d534b0", size = 555813, upload-time = "2025-08-27T12:15:00.334Z" },
    { url = "https://files.pythonhosted.org/packages/04/2e/30b5ea18c01379da6272a92825dd7e53dc9d15c88a19e97932d35d430ef7/rpds_py-0.27.1-cp314-cp314t-win32.whl", hash = "sha256:d5fa0ee122dc09e23607a28e6d7b150da16c662e66409bbe85230e4c85bb528a", size = 217385, upload-time = "2025-08-27T12:15:01.937Z" },
    { url = "https://files.pythonhosted.org/packages/32/7d/97119da51cb1dd3f2f3c0805f155a3aa4a95fa44fe7d78ae15e69edf4f34/rpds_py-0.27.1-cp314-cp314t-win_amd64.whl", hash = "sha256:6567d2bb951e21232c2f660c24cf3470bb96de56cdcb3f071a83feeaff8a2772", size = 230097, upload-time = "2025-08-27T12:15:03.961Z" },
]

[[package]]
name = "sniffio"
version = "1.3.1"
source = { registry = "https://pypi.org/simple" }
sdist = { url = "https://files.pythonhosted.org/packages/a2/87/a6771e1546d97e7e041b6ae58d80074f81b7d5121207425c964ddf5cfdbd/sniffio-1.3.1.tar.gz", hash = "sha256:f4324edc670a0f49750a81b895f35c3adb843cca46f0530f79fc1babb23789dc", size = 20372, upload-time = "2024-02-25T23:20:04.057Z" }
wheels = [
    { url = "https://files.pythonhosted.org/packages/e9/44/75a9c9421471a6c4805dbf2356f7c181a29c1879239abab1ea2cc8f38b40/sniffio-1.3.1-py3-none-any.whl", hash = "sha256:2f6da418d1f1e0fddd844478f41680e794e6051915791a034ff65e5f100525a2", size = 10235, upload-time = "2024-02-25T23:20:01.196Z" },
]

[[package]]
name = "sse-starlette"
version = "3.0.2"
source = { registry = "https://pypi.org/simple" }
dependencies = [
    { name = "anyio" },
]
sdist = { url = "https://files.pythonhosted.org/packages/42/6f/22ed6e33f8a9e76ca0a412405f31abb844b779d52c5f96660766edcd737c/sse_starlette-3.0.2.tar.gz", hash = "sha256:ccd60b5765ebb3584d0de2d7a6e4f745672581de4f5005ab31c3a25d10b52b3a", size = 20985, upload-time = "2025-07-27T09:07:44.565Z" }
wheels = [
    { url = "https://files.pythonhosted.org/packages/ef/10/c78f463b4ef22eef8491f218f692be838282cd65480f6e423d7730dfd1fb/sse_starlette-3.0.2-py3-none-any.whl", hash = "sha256:16b7cbfddbcd4eaca11f7b586f3b8a080f1afe952c15813455b162edea619e5a", size = 11297, upload-time = "2025-07-27T09:07:43.268Z" },
]

[[package]]
name = "starlette"
version = "0.48.0"
source = { registry = "https://pypi.org/simple" }
dependencies = [
    { name = "anyio" },
]
sdist = { url = "https://files.pythonhosted.org/packages/a7/a5/d6f429d43394057b67a6b5bbe6eae2f77a6bf7459d961fdb224bf206eee6/starlette-0.48.0.tar.gz", hash = "sha256:7e8cee469a8ab2352911528110ce9088fdc6a37d9876926e73da7ce4aa4c7a46", size = 2652949, upload-time = "2025-09-13T08:41:05.699Z" }
wheels = [
    { url = "https://files.pythonhosted.org/packages/be/72/2db2f49247d0a18b4f1bb9a5a39a0162869acf235f3a96418363947b3d46/starlette-0.48.0-py3-none-any.whl", hash = "sha256:0764ca97b097582558ecb498132ed0c7d942f233f365b86ba37770e026510659", size = 73736, upload-time = "2025-09-13T08:41:03.869Z" },
]

[[package]]
name = "typing-extensions"
version = "4.15.0"
source = { registry = "https://pypi.org/simple" }
sdist = { url = "https://files.pythonhosted.org/packages/72/94/1a15dd82efb362ac84269196e94cf00f187f7ed21c242792a923cdb1c61f/typing_extensions-4.15.0.tar.gz", hash = "sha256:0cea48d173cc12fa28ecabc3b837ea3cf6f38c6d1136f85cbaaf598984861466", size = 109391, upload-time = "2025-08-25T13:49:26.313Z" }
wheels = [
    { url = "https://files.pythonhosted.org/packages/18/67/36e9267722cc04a6b9f15c7f3441c2363321a3ea07da7ae0c0707beb2a9c/typing_extensions-4.15.0-py3-none-any.whl", hash = "sha256:f0fa19c6845758ab08074a0cfa8b7aecb71c999ca73d62883bc25cc018c4e548", size = 44614, upload-time = "2025-08-25T13:49:24.86Z" },
]

[[package]]
name = "typing-inspection"
version = "0.4.2"
source = { registry = "https://pypi.org/simple" }
dependencies = [
    { name = "typing-extensions" },
]
sdist = { url = "https://files.pythonhosted.org/packages/55/e3/70399cb7dd41c10ac53367ae42139cf4b1ca5f36bb3dc6c9d33acdb43655/typing_inspection-0.4.2.tar.gz", hash = "sha256:ba561c48a67c5958007083d386c3295464928b01faa735ab8547c5692e87f464", size = 75949, upload-time = "2025-10-01T02:14:41.687Z" }
wheels = [
    { url = "https://files.pythonhosted.org/packages/dc/9b/47798a6c91d8bdb567fe2698fe81e0c6b7cb7ef4d13da4114b41d239f65d/typing_inspection-0.4.2-py3-none-any.whl", hash = "sha256:4ed1cacbdc298c220f1bd249ed5287caa16f34d44ef4e9c3d0cbad5b521545e7", size = 14611, upload-time = "2025-10-01T02:14:40.154Z" },
]

[[package]]
name = "tzdata"
version = "2025.3"
source = { registry = "https://pypi.org/simple" }
sdist = { url = "https://files.pythonhosted.org/packages/5e/a7/c202b344c5ca7daf398f3b8a477eeb205cf3b6f32e7ec3a6bac0629ca975/tzdata-2025.3.tar.gz", hash = "sha256:de39c2ca5dc7b0344f2eba86f49d614019d29f060fc4ebc8a417896a620b56a7", size = 196772, upload-time = "2025-12-13T17:45:35.667Z" }
wheels = [
    { url = "https://files.pythonhosted.org/packages/c7/b0/003792df09decd6849a5e39c28b513c06e84436a54440380862b5aeff25d/tzdata-2025.3-py2.py3-none-any.whl", hash = "sha256:06a47e5700f3081aab02b2e513160914ff0694bce9947d6b76ebd6bf57cfc5d1", size = 348521, upload-time = "2025-12-13T17:45:33.889Z" },
]

[[package]]
name = "uvicorn"
version = "0.37.0"
source = { registry = "https://pypi.org/simple" }
dependencies = [
    { name = "click" },
    { name = "h11" },
]
sdist = { url = "https://files.pythonhosted.org/packages/71/57/1616c8274c3442d802621abf5deb230771c7a0fec9414cb6763900eb3868/uvicorn-0.37.0.tar.gz", hash = "sha256:4115c8add6d3fd536c8ee77f0e14a7fd2ebba939fed9b02583a97f80648f9e13", size = 80367, upload-time = "2025-09-23T13:33:47.486Z" }
wheels = [
    { url = "https://files.pythonhosted.org/packages/85/cd/584a2ceb5532af99dd09e50919e3615ba99aa127e9850eafe5f31ddfdb9a/uvicorn-0.37.0-py3-none-any.whl", hash = "sha256:913b2b88672343739927ce381ff9e2ad62541f9f8289664fa1d1d3803fa2ce6c", size = 67976, upload-time = "2025-09-23T13:33:45.842Z" },
]

[[package]]
name = "websockets"
version = "15.0.1"
source = { registry = "https://pypi.org/simple" }
sdist = { url = "https://files.pythonhosted.org/packages/21/e6/26d09fab466b7ca9c7737474c52be4f76a40301b08362eb2dbc19dcc16c1/websockets-15.0.1.tar.gz", hash = "sha256:82544de02076bafba038ce055ee6412d68da13ab47f0c60cab827346de828dee", size = 177016, upload-time = "2025-03-05T20:03:41.606Z" }
wheels = [
    { url = "https://files.pythonhosted.org/packages/fa/a8/5b41e0da817d64113292ab1f8247140aac61cbf6cfd085d6a0fa77f4984f/websockets-15.0.1-py3-none-any.whl", hash = "sha256:f7a866fbc1e97b5c617ee4116daaa09b722101d4a3c170c787450ba409f9736f", size = 169743, upload-time = "2025-03-05T20:03:39.41Z" },
]
